
Microsoft Visual Studio Solution File, Format Version 12.00
# Visual Studio Version 17
VisualStudioVersion = 17.5.002.0
MinimumVisualStudioVersion = 10.0.40219.1
Project("{9A19103F-16F7-4668-BE54-9A1E7A4F7556}") = "FinancialTamkeen_BlogAPI", "FinancialTamkeen_BlogAPI.csproj", "{B4F4AA95-A3CD-45B8-93E5-09B9D39722C8}"
EndProject
Global
	GlobalSection(SolutionConfigurationPlatforms) = preSolution
		Debug|Any CPU = Debug|Any CPU
		Release|Any CPU = Release|Any CPU
	EndGlobalSection
	GlobalSection(ProjectConfigurationPlatforms) = postSolution
		{B4F4AA95-A3CD-45B8-93E5-09B9D39722C8}.Debug|Any CPU.ActiveCfg = Debug|Any CPU
		{B4F4AA95-A3CD-45B8-93E5-09B9D39722C8}.Debug|Any CPU.Build.0 = Debug|Any CPU
		{B4F4AA95-A3CD-45B8-93E5-09B9D39722C8}.Release|Any CPU.ActiveCfg = Release|Any CPU
		{B4F4AA95-A3CD-45B8-93E5-09B9D39722C8}.Release|Any CPU.Build.0 = Release|Any CPU
	EndGlobalSection
	GlobalSection(SolutionProperties) = preSolution
		HideSolutionNode = FALSE
	EndGlobalSection
	GlobalSection(ExtensibilityGlobals) = postSolution
		SolutionGuid = {CDC2844C-BDD3-452C-BEE9-848AE1FCA500}
	EndGlobalSection
EndGlobal
